// !$*UTF8*$!
{
	archiveVersion = 1;
	classes = {
	};
	objectVersion = 56;
	objects = {

/* Begin PBXBuildFile section */
		DE79B5E12B98942600517EC1 /* Assignment03App.swift in Sources */ = {isa = PBXBuildFile; fileRef = DE79B5E02B98942600517EC1 /* Assignment03App.swift */; };
		DE79B5E32B98942600517EC1 /* ContentView.swift in Sources */ = {isa = PBXBuildFile; fileRef = DE79B5E22B98942600517EC1 /* ContentView.swift */; };
		DE79B5E52B98942800517EC1 /* Assets.xcassets in Resources */ = {isa = PBXBuildFile; fileRef = DE79B5E42B98942800517EC1 /* Assets.xcassets */; };
		DE79B5E82B98942800517EC1 /* Preview Assets.xcassets in Resources */ = {isa = PBXBuildFile; fileRef = DE79B5E72B98942800517EC1 /* Preview Assets.xcassets */; };
		DE79B5F22B98942800517EC1 /* Assignment03Tests.swift in Sources */ = {isa = PBXBuildFile; fileRef = DE79B5F12B98942800517EC1 /* Assignment03Tests.swift */; };
		DE79B5FC2B98942800517EC1 /* Assignment03UITests.swift in Sources */ = {isa = PBXBuildFile; fileRef = DE79B5FB2B98942800517EC1 /* Assignment03UITests.swift */; };
		DE79B5FE2B98942800517EC1 /* Assignment03UITestsLaunchTests.swift in Sources */ = {isa = PBXBuildFile; fileRef = DE79B5FD2B98942800517EC1 /* Assignment03UITestsLaunchTests.swift */; };
		DE79B60F2B9898CE00517EC1 /* ProfileView.swift in Sources */ = {isa = PBXBuildFile; fileRef = DE79B60E2B9898CE00517EC1 /* ProfileView.swift */; };
		DE79B6112B9898E200517EC1 /* ContactView.swift in Sources */ = {isa = PBXBuildFile; fileRef = DE79B6102B9898E200517EC1 /* ContactView.swift */; };
		DE79B6132B9898F200517EC1 /* ProfileDetailView.swift in Sources */ = {isa = PBXBuildFile; fileRef = DE79B6122B9898F200517EC1 /* ProfileDetailView.swift */; };
		DE79B6152B98991300517EC1 /* Contacts.swift in Sources */ = {isa = PBXBuildFile; fileRef = DE79B6142B98991300517EC1 /* Contacts.swift */; };
/* End PBXBuildFile section */

/* Begin PBXContainerItemProxy section */
		DE79B5EE2B98942800517EC1 /* PBXContainerItemProxy */ = {
			isa = PBXContainerItemProxy;
			containerPortal = DE79B5D52B98942600517EC1 /* Project object */;
			proxyType = 1;
			remoteGlobalIDString = DE79B5DC2B98942600517EC1;
			remoteInfo = Assignment03;
		};
		DE79B5F82B98942800517EC1 /* PBXContainerItemProxy */ = {
			isa = PBXContainerItemProxy;
			containerPortal = DE79B5D52B98942600517EC1 /* Project object */;
			proxyType = 1;
			remoteGlobalIDString = DE79B5DC2B98942600517EC1;
			remoteInfo = Assignment03;
		};
/* End PBXContainerItemProxy section */

/* Begin PBXFileReference section */
		DE79B5DD2B98942600517EC1 /* Assignment03.app */ = {isa = PBXFileReference; explicitFileType = wrapper.application; includeInIndex = 0; path = Assignment03.app; sourceTree = BUILT_PRODUCTS_DIR; };
		DE79B5E02B98942600517EC1 /* Assignment03App.swift */ = {isa = PBXFileReference; lastKnownFileType = sourcecode.swift; path = Assignment03App.swift; sourceTree = "<group>"; };
		DE79B5E22B98942600517EC1 /* ContentView.swift */ = {isa = PBXFileReference; lastKnownFileType = sourcecode.swift; path = ContentView.swift; sourceTree = "<group>"; };
		DE79B5E42B98942800517EC1 /* Assets.xcassets */ = {isa = PBXFileReference; lastKnownFileType = folder.assetcatalog; path = Assets.xcassets; sourceTree = "<group>"; };
		DE79B5E72B98942800517EC1 /* Preview Assets.xcassets */ = {isa = PBXFileReference; lastKnownFileType = folder.assetcatalog; path = "Preview Assets.xcassets"; sourceTree = "<group>"; };
		DE79B5ED2B98942800517EC1 /* Assignment03Tests.xctest */ = {isa = PBXFileReference; explicitFileType = wrapper.cfbundle; includeInIndex = 0; path = Assignment03Tests.xctest; sourceTree = BUILT_PRODUCTS_DIR; };
		DE79B5F12B98942800517EC1 /* Assignment03Tests.swift */ = {isa = PBXFileReference; lastKnownFileType = sourcecode.swift; path = Assignment03Tests.swift; sourceTree = "<group>"; };
		DE79B5F72B98942800517EC1 /* Assignment03UITests.xctest */ = {isa = PBXFileReference; explicitFileType = wrapper.cfbundle; includeInIndex = 0; path = Assignment03UITests.xctest; sourceTree = BUILT_PRODUCTS_DIR; };
		DE79B5FB2B98942800517EC1 /* Assignment03UITests.swift */ = {isa = PBXFileReference; lastKnownFileType = sourcecode.swift; path = Assignment03UITests.swift; sourceTree = "<group>"; };
		DE79B5FD2B98942800517EC1 /* Assignment03UITestsLaunchTests.swift */ = {isa = PBXFileReference; lastKnownFileType = sourcecode.swift; path = Assignment03UITestsLaunchTests.swift; sourceTree = "<group>"; };
		DE79B60E2B9898CE00517EC1 /* ProfileView.swift */ = {isa = PBXFileReference; lastKnownFileType = sourcecode.swift; path = ProfileView.swift; sourceTree = "<group>"; };
		DE79B6102B9898E200517EC1 /* ContactView.swift */ = {isa = PBXFileReference; lastKnownFileType = sourcecode.swift; path = ContactView.swift; sourceTree = "<group>"; };
		DE79B6122B9898F200517EC1 /* ProfileDetailView.swift */ = {isa = PBXFileReference; lastKnownFileType = sourcecode.swift; path = ProfileDetailView.swift; sourceTree = "<group>"; };
		DE79B6142B98991300517EC1 /* Contacts.swift */ = {isa = PBXFileReference; lastKnownFileType = sourcecode.swift; path = Contacts.swift; sourceTree = "<group>"; };
/* End PBXFileReference section */

/* Begin PBXFrameworksBuildPhase section */
		DE79B5DA2B98942600517EC1 /* Frameworks */ = {
			isa = PBXFrameworksBuildPhase;
			buildActionMask = 2147483647;
			files = (
			);
			runOnlyForDeploymentPostprocessing = 0;
		};
		DE79B5EA2B98942800517EC1 /* Frameworks */ = {
			isa = PBXFrameworksBuildPhase;
			buildActionMask = 2147483647;
			files = (
			);
			runOnlyForDeploymentPostprocessing = 0;
		};
		DE79B5F42B98942800517EC1 /* Frameworks */ = {
			isa = PBXFrameworksBuildPhase;
			buildActionMask = 2147483647;
			files = (
			);
			runOnlyForDeploymentPostprocessing = 0;
		};
/* End PBXFrameworksBuildPhase section */

/* Begin PBXGroup section */
		DE79B5D42B98942600517EC1 = {
			isa = PBXGroup;
			children = (
				DE79B5DF2B98942600517EC1 /* Assignment03 */,
				DE79B5F02B98942800517EC1 /* Assignment03Tests */,
				DE79B5FA2B98942800517EC1 /* Assignment03UITests */,
				DE79B5DE2B98942600517EC1 /* Products */,
			);
			sourceTree = "<group>";
		};
		DE79B5DE2B98942600517EC1 /* Products */ = {
			isa = PBXGroup;
			children = (
				DE79B5DD2B98942600517EC1 /* Assignment03.app */,
				DE79B5ED2B98942800517EC1 /* Assignment03Tests.xctest */,
				DE79B5F72B98942800517EC1 /* Assignment03UITests.xctest */,
			);
			name = Products;
			sourceTree = "<group>";
		};
		DE79B5DF2B98942600517EC1 /* Assignment03 */ = {
			isa = PBXGroup;
			children = (
				DE79B5E02B98942600517EC1 /* Assignment03App.swift */,
				DE79B5E22B98942600517EC1 /* ContentView.swift */,
				DE79B60E2B9898CE00517EC1 /* ProfileView.swift */,
				DE79B6102B9898E200517EC1 /* ContactView.swift */,
				DE79B6122B9898F200517EC1 /* ProfileDetailView.swift */,
				DE79B6142B98991300517EC1 /* Contacts.swift */,
				DE79B5E42B98942800517EC1 /* Assets.xcassets */,
				DE79B5E62B98942800517EC1 /* Preview Content */,
			);
			path = Assignment03;
			sourceTree = "<group>";
		};
		DE79B5E62B98942800517EC1 /* Preview Content */ = {
			isa = PBXGroup;
			children = (
				DE79B5E72B98942800517EC1 /* Preview Assets.xcassets */,
			);
			path = "Preview Content";
			sourceTree = "<group>";
		};
		DE79B5F02B98942800517EC1 /* Assignment03Tests */ = {
			isa = PBXGroup;
			children = (
				DE79B5F12B98942800517EC1 /* Assignment03Tests.swift */,
			);
			path = Assignment03Tests;
			sourceTree = "<group>";
		};
		DE79B5FA2B98942800517EC1 /* Assignment03UITests */ = {
			isa = PBXGroup;
			children = (
				DE79B5FB2B98942800517EC1 /* Assignment03UITests.swift */,
				DE79B5FD2B98942800517EC1 /* Assignment03UITestsLaunchTests.swift */,
			);
			path = Assignment03UITests;
			sourceTree = "<group>";
		};
/* End PBXGroup section */

/* Begin PBXNativeTarget section */
		DE79B5DC2B98942600517EC1 /* Assignment03 */ = {
			isa = PBXNativeTarget;
			buildConfigurationList = DE79B6012B98942800517EC1 /* Build configuration list for PBXNativeTarget "Assignment03" */;
			buildPhases = (
				DE79B5D92B98942600517EC1 /* Sources */,
				DE79B5DA2B98942600517EC1 /* Frameworks */,
				DE79B5DB2B98942600517EC1 /* Resources */,
			);
			buildRules = (
			);
			dependencies = (
			);
			name = Assignment03;
			productName = Assignment03;
			productReference = DE79B5DD2B98942600517EC1 /* Assignment03.app */;
			productType = "com.apple.product-type.application";
		};
		DE79B5EC2B98942800517EC1 /* Assignment03Tests */ = {
			isa = PBXNativeTarget;
			buildConfigurationList = DE79B6042B98942800517EC1 /* Build configuration list for PBXNativeTarget "Assignment03Tests" */;
			buildPhases = (
				DE79B5E92B98942800517EC1 /* Sources */,
				DE79B5EA2B98942800517EC1 /* Frameworks */,
				DE79B5EB2B98942800517EC1 /* Resources */,
			);
			buildRules = (
			);
			dependencies = (
				DE79B5EF2B98942800517EC1 /* PBXTargetDependency */,
			);
			name = Assignment03Tests;
			productName = Assignment03Tests;
			productReference = DE79B5ED2B98942800517EC1 /* Assignment03Tests.xctest */;
			productType = "com.apple.product-type.bundle.unit-test";
		};
		DE79B5F62B98942800517EC1 /* Assignment03UITests */ = {
			isa = PBXNativeTarget;
			buildConfigurationList = DE79B6072B98942800517EC1 /* Build configuration list for PBXNativeTarget "Assignment03UITests" */;
			buildPhases = (
				DE79B5F32B98942800517EC1 /* Sources */,
				DE79B5F42B98942800517EC1 /* Frameworks */,
				DE79B5F52B98942800517EC1 /* Resources */,
			);
			buildRules = (
			);
			dependencies = (
				DE79B5F92B98942800517EC1 /* PBXTargetDependency */,
			);
			name = Assignment03UITests;
			productName = Assignment03UITests;
			productReference = DE79B5F72B98942800517EC1 /* Assignment03UITests.xctest */;
			productType = "com.apple.product-type.bundle.ui-testing";
		};
/* End PBXNativeTarget section */

/* Begin PBXProject section */
		DE79B5D52B98942600517EC1 /* Project object */ = {
			isa = PBXProject;
			attributes = {
				BuildIndependentTargetsInParallel = 1;
				LastSwiftUpdateCheck = 1520;
				LastUpgradeCheck = 1520;
				TargetAttributes = {
					DE79B5DC2B98942600517EC1 = {
						CreatedOnToolsVersion = 15.2;
					};
					DE79B5EC2B98942800517EC1 = {
						CreatedOnToolsVersion = 15.2;
						TestTargetID = DE79B5DC2B98942600517EC1;
					};
					DE79B5F62B98942800517EC1 = {
						CreatedOnToolsVersion = 15.2;
						TestTargetID = DE79B5DC2B98942600517EC1;
					};
				};
			};
			buildConfigurationList = DE79B5D82B98942600517EC1 /* Build configuration list for PBXProject "Assignment03" */;
			compatibilityVersion = "Xcode 14.0";
			developmentRegion = en;
			hasScannedForEncodings = 0;
			knownRegions = (
				en,
				Base,
			);
			mainGroup = DE79B5D42B98942600517EC1;
			productRefGroup = DE79B5DE2B98942600517EC1 /* Products */;
			projectDirPath = "";
			projectRoot = "";
			targets = (
				DE79B5DC2B98942600517EC1 /* Assignment03 */,
				DE79B5EC2B98942800517EC1 /* Assignment03Tests */,
				DE79B5F62B98942800517EC1 /* Assignment03UITests */,
			);
		};
/* End PBXProject section */

/* Begin PBXResourcesBuildPhase section */
		DE79B5DB2B98942600517EC1 /* Resources */ = {
			isa = PBXResourcesBuildPhase;
			buildActionMask = 2147483647;
			files = (
				DE79B5E82B98942800517EC1 /* Preview Assets.xcassets in Resources */,
				DE79B5E52B98942800517EC1 /* Assets.xcassets in Resources */,
			);
			runOnlyForDeploymentPostprocessing = 0;
		};
		DE79B5EB2B98942800517EC1 /* Resources */ = {
			isa = PBXResourcesBuildPhase;
			buildActionMask = 2147483647;
			files = (
			);
			runOnlyForDeploymentPostprocessing = 0;
		};
		DE79B5F52B98942800517EC1 /* Resources */ = {
			isa = PBXResourcesBuildPhase;
			buildActionMask = 2147483647;
			files = (
			);
			runOnlyForDeploymentPostprocessing = 0;
		};
/* End PBXResourcesBuildPhase section */

/* Begin PBXSourcesBuildPhase section */
		DE79B5D92B98942600517EC1 /* Sources */ = {
			isa = PBXSourcesBuildPhase;
			buildActionMask = 2147483647;
			files = (
				DE79B60F2B9898CE00517EC1 /* ProfileView.swift in Sources */,
				DE79B5E32B98942600517EC1 /* ContentView.swift in Sources */,
				DE79B6152B98991300517EC1 /* Contacts.swift in Sources */,
				DE79B5E12B98942600517EC1 /* Assignment03App.swift in Sources */,
				DE79B6112B9898E200517EC1 /* ContactView.swift in Sources */,
				DE79B6132B9898F200517EC1 /* ProfileDetailView.swift in Sources */,
			);
			runOnlyForDeploymentPostprocessing = 0;
		};
		DE79B5E92B98942800517EC1 /* Sources */ = {
			isa = PBXSourcesBuildPhase;
			buildActionMask = 2147483647;
			files = (
				DE79B5F22B98942800517EC1 /* Assignment03Tests.swift in Sources */,
			);
			runOnlyForDeploymentPostprocessing = 0;
		};
		DE79B5F32B98942800517EC1 /* Sources */ = {
			isa = PBXSourcesBuildPhase;
			buildActionMask = 2147483647;
			files = (
				DE79B5FE2B98942800517EC1 /* Assignment03UITestsLaunchTests.swift in Sources */,
				DE79B5FC2B98942800517EC1 /* Assignment03UITests.swift in Sources */,
			);
			runOnlyForDeploymentPostprocessing = 0;
		};
/* End PBXSourcesBuildPhase section */

/* Begin PBXTargetDependency section */
		DE79B5EF2B98942800517EC1 /* PBXTargetDependency */ = {
			isa = PBXTargetDependency;
			target = DE79B5DC2B98942600517EC1 /* Assignment03 */;
			targetProxy = DE79B5EE2B98942800517EC1 /* PBXContainerItemProxy */;
		};
		DE79B5F92B98942800517EC1 /* PBXTargetDependency */ = {
			isa = PBXTargetDependency;
			target = DE79B5DC2B98942600517EC1 /* Assignment03 */;
			targetProxy = DE79B5F82B98942800517EC1 /* PBXContainerItemProxy */;
		};
/* End PBXTargetDependency section */

/* Begin XCBuildConfiguration section */
		DE79B5FF2B98942800517EC1 /* Debug */ = {
			isa = XCBuildConfiguration;
			buildSettings = {
				ALWAYS_SEARCH_USER_PATHS = NO;
				ASSETCATALOG_COMPILER_GENERATE_SWIFT_ASSET_SYMBOL_EXTENSIONS = YES;
				CLANG_ANALYZER_NONNULL = YES;
				CLANG_ANALYZER_NUMBER_OBJECT_CONVERSION = YES_AGGRESSIVE;
				CLANG_CXX_LANGUAGE_STANDARD = "gnu++20";
				CLANG_ENABLE_MODULES = YES;
				CLANG_ENABLE_OBJC_ARC = YES;
				CLANG_ENABLE_OBJC_WEAK = YES;
				CLANG_WARN_BLOCK_CAPTURE_AUTORELEASING = YES;
				CLANG_WARN_BOOL_CONVERSION = YES;
				CLANG_WARN_COMMA = YES;
				CLANG_WARN_CONSTANT_CONVERSION = YES;
				CLANG_WARN_DEPRECATED_OBJC_IMPLEMENTATIONS = YES;
				CLANG_WARN_DIRECT_OBJC_ISA_USAGE = YES_ERROR;
				CLANG_WARN_DOCUMENTATION_COMMENTS = YES;
				CLANG_WARN_EMPTY_BODY = YES;
				CLANG_WARN_ENUM_CONVERSION = YES;
				CLANG_WARN_INFINITE_RECURSION = YES;
				CLANG_WARN_INT_CONVERSION = YES;
				CLANG_WARN_NON_LITERAL_NULL_CONVERSION = YES;
				CLANG_WARN_OBJC_IMPLICIT_RETAIN_SELF = YES;
				CLANG_WARN_OBJC_LITERAL_CONVERSION = YES;
				CLANG_WARN_OBJC_ROOT_CLASS = YES_ERROR;
				CLANG_WARN_QUOTED_INCLUDE_IN_FRAMEWORK_HEADER = YES;
				CLANG_WARN_RANGE_LOOP_ANALYSIS = YES;
				CLANG_WARN_STRICT_PROTOTYPES = YES;
				CLANG_WARN_SUSPICIOUS_MOVE = YES;
				CLANG_WARN_UNGUARDED_AVAILABILITY = YES_AGGRESSIVE;
				CLANG_WARN_UNREACHABLE_CODE = YES;
				CLANG_WARN__DUPLICATE_METHOD_MATCH = YES;
				COPY_PHASE_STRIP = NO;
				DEBUG_INFORMATION_FORMAT = dwarf;
				ENABLE_STRICT_OBJC_MSGSEND = YES;
				ENABLE_TESTABILITY = YES;
				ENABLE_USER_SCRIPT_SANDBOXING = YES;
				GCC_C_LANGUAGE_STANDARD = gnu17;
				GCC_DYNAMIC_NO_PIC = NO;
				GCC_NO_COMMON_BLOCKS = YES;
				GCC_OPTIMIZATION_LEVEL = 0;
				GCC_PREPROCESSOR_DEFINITIONS = (
					"DEBUG=1",
					"$(inherited)",
				);
				GCC_WARN_64_TO_32_BIT_CONVERSION = YES;
				GCC_WARN_ABOUT_RETURN_TYPE = YES_ERROR;
				GCC_WARN_UNDECLARED_SELECTOR = YES;
				GCC_WARN_UNINITIALIZED_AUTOS = YES_AGGRESSIVE;
				GCC_WARN_UNUSED_FUNCTION = YES;
				GCC_WARN_UNUSED_VARIABLE = YES;
				IPHONEOS_DEPLOYMENT_TARGET = 17.2;
				LOCALIZATION_PREFERS_STRING_CATALOGS = YES;
				MTL_ENABLE_DEBUG_INFO = INCLUDE_SOURCE;
				MTL_FAST_MATH = YES;
				ONLY_ACTIVE_ARCH = YES;
				SDKROOT = iphoneos;
				SWIFT_ACTIVE_COMPILATION_CONDITIONS = "DEBUG $(inherited)";
				SWIFT_OPTIMIZATION_LEVEL = "-Onone";
			};
			name = Debug;
		};
		DE79B6002B98942800517EC1 /* Release */ = {
			isa = XCBuildConfiguration;
			buildSettings = {
				ALWAYS_SEARCH_USER_PATHS = NO;
				ASSETCATALOG_COMPILER_GENERATE_SWIFT_ASSET_SYMBOL_EXTENSIONS = YES;
				CLANG_ANALYZER_NONNULL = YES;
				CLANG_ANALYZER_NUMBER_OBJECT_CONVERSION = YES_AGGRESSIVE;
				CLANG_CXX_LANGUAGE_STANDARD = "gnu++20";
				CLANG_ENABLE_MODULES = YES;
				CLANG_ENABLE_OBJC_ARC = YES;
				CLANG_ENABLE_OBJC_WEAK = YES;
				CLANG_WARN_BLOCK_CAPTURE_AUTORELEASING = YES;
				CLANG_WARN_BOOL_CONVERSION = YES;
				CLANG_WARN_COMMA = YES;
				CLANG_WARN_CONSTANT_CONVERSION = YES;
				CLANG_WARN_DEPRECATED_OBJC_IMPLEMENTATIONS = YES;
				CLANG_WARN_DIRECT_OBJC_ISA_USAGE = YES_ERROR;
				CLANG_WARN_DOCUMENTATION_COMMENTS = YES;
				CLANG_WARN_EMPTY_BODY = YES;
				CLANG_WARN_ENUM_CONVERSION = YES;
				CLANG_WARN_INFINITE_RECURSION = YES;
				CLANG_WARN_INT_CONVERSION = YES;
				CLANG_WARN_NON_LITERAL_NULL_CONVERSION = YES;
				CLANG_WARN_OBJC_IMPLICIT_RETAIN_SELF = YES;
				CLANG_WARN_OBJC_LITERAL_CONVERSION = YES;
				CLANG_WARN_OBJC_ROOT_CLASS = YES_ERROR;
				CLANG_WARN_QUOTED_INCLUDE_IN_FRAMEWORK_HEADER = YES;
				CLANG_WARN_RANGE_LOOP_ANALYSIS = YES;
				CLANG_WARN_STRICT_PROTOTYPES = YES;
				CLANG_WARN_SUSPICIOUS_MOVE = YES;
				CLANG_WARN_UNGUARDED_AVAILABILITY = YES_AGGRESSIVE;
				CLANG_WARN_UNREACHABLE_CODE = YES;
				CLANG_WARN__DUPLICATE_METHOD_MATCH = YES;
				COPY_PHASE_STRIP = NO;
				DEBUG_INFORMATION_FORMAT = "dwarf-with-dsym";
				ENABLE_NS_ASSERTIONS = NO;
				ENABLE_STRICT_OBJC_MSGSEND = YES;
				ENABLE_USER_SCRIPT_SANDBOXING = YES;
				GCC_C_LANGUAGE_STANDARD = gnu17;
				GCC_NO_COMMON_BLOCKS = YES;
				GCC_WARN_64_TO_32_BIT_CONVERSION = YES;
				GCC_WARN_ABOUT_RETURN_TYPE = YES_ERROR;
				GCC_WARN_UNDECLARED_SELECTOR = YES;
				GCC_WARN_UNINITIALIZED_AUTOS = YES_AGGRESSIVE;
				GCC_WARN_UNUSED_FUNCTION = YES;
				GCC_WARN_UNUSED_VARIABLE = YES;
				IPHONEOS_DEPLOYMENT_TARGET = 17.2;
				LOCALIZATION_PREFERS_STRING_CATALOGS = YES;
				MTL_ENABLE_DEBUG_INFO = NO;
				MTL_FAST_MATH = YES;
				SDKROOT = iphoneos;
				SWIFT_COMPILATION_MODE = wholemodule;
				VALIDATE_PRODUCT = YES;
			};
			name = Release;
		};
		DE79B6022B98942800517EC1 /* Debug */ = {
			isa = XCBuildConfiguration;
			buildSettings = {
				ASSETCATALOG_COMPILER_APPICON_NAME = AppIcon;
				ASSETCATALOG_COMPILER_GLOBAL_ACCENT_COLOR_NAME = AccentColor;
				CODE_SIGN_STYLE = Automatic;
				CURRENT_PROJECT_VERSION = 1;
				DEVELOPMENT_ASSET_PATHS = "\"Assignment03/Preview Content\"";
				ENABLE_PREVIEWS = YES;
				GENERATE_INFOPLIST_FILE = YES;
				INFOPLIST_KEY_UIApplicationSceneManifest_Generation = YES;
				INFOPLIST_KEY_UIApplicationSupportsIndirectInputEvents = YES;
				INFOPLIST_KEY_UILaunchScreen_Generation = YES;
				INFOPLIST_KEY_UISupportedInterfaceOrientations_iPad = "UIInterfaceOrientationPortrait UIInterfaceOrientationPortraitUpsideDown UIInterfaceOrientationLandscapeLeft UIInterfaceOrientationLandscapeRight";
				INFOPLIST_KEY_UISupportedInterfaceOrientations_iPhone = "UIInterfaceOrientationPortrait UIInterfaceOrientationLandscapeLeft UIInterfaceOrientationLandscapeRight";
				LD_RUNPATH_SEARCH_PATHS = (
					"$(inherited)",
					"@executable_path/Frameworks",
				);
				MARKETING_VERSION = 1.0;
				PRODUCT_BUNDLE_IDENTIFIER = HEE.Assignment03;
				PRODUCT_NAME = "$(TARGET_NAME)";
				SWIFT_EMIT_LOC_STRINGS = YES;
				SWIFT_VERSION = 5.0;
				TARGETED_DEVICE_FAMILY = "1,2";
			};
			name = Debug;
		};
		DE79B6032B98942800517EC1 /* Release */ = {
			isa = XCBuildConfiguration;
			buildSettings = {
				ASSETCATALOG_COMPILER_APPICON_NAME = AppIcon;
				ASSETCATALOG_COMPILER_GLOBAL_ACCENT_COLOR_NAME = AccentColor;
				CODE_SIGN_STYLE = Automatic;
				CURRENT_PROJECT_VERSION = 1;
				DEVELOPMENT_ASSET_PATHS = "\"Assignment03/Preview Content\"";
				ENABLE_PREVIEWS = YES;
				GENERATE_INFOPLIST_FILE = YES;
				INFOPLIST_KEY_UIApplicationSceneManifest_Generation = YES;
				INFOPLIST_KEY_UIApplicationSupportsIndirectInputEvents = YES;
				INFOPLIST_KEY_UILaunchScreen_Generation = YES;
				INFOPLIST_KEY_UISupportedInterfaceOrientations_iPad = "UIInterfaceOrientationPortrait UIInterfaceOrientationPortraitUpsideDown UIInterfaceOrientationLandscapeLeft UIInterfaceOrientationLandscapeRight";
				INFOPLIST_KEY_UISupportedInterfaceOrientations_iPhone = "UIInterfaceOrientationPortrait UIInterfaceOrientationLandscapeLeft UIInterfaceOrientationLandscapeRight";
				LD_RUNPATH_SEARCH_PATHS = (
					"$(inherited)",
					"@executable_path/Frameworks",
				);
				MARKETING_VERSION = 1.0;
				PRODUCT_BUNDLE_IDENTIFIER = HEE.Assignment03;
				PRODUCT_NAME = "$(TARGET_NAME)";
				SWIFT_EMIT_LOC_STRINGS = YES;
				SWIFT_VERSION = 5.0;
				TARGETED_DEVICE_FAMILY = "1,2";
			};
			name = Release;
		};
		DE79B6052B98942800517EC1 /* Debug */ = {
			isa = XCBuildConfiguration;
			buildSettings = {
				ALWAYS_EMBED_SWIFT_STANDARD_LIBRARIES = YES;
				BUNDLE_LOADER = "$(TEST_HOST)";
				CODE_SIGN_STYLE = Automatic;
				CURRENT_PROJECT_VERSION = 1;
				GENERATE_INFOPLIST_FILE = YES;
				IPHONEOS_DEPLOYMENT_TARGET = 17.2;
				MARKETING_VERSION = 1.0;
				PRODUCT_BUNDLE_IDENTIFIER = HEE.Assignment03Tests;
				PRODUCT_NAME = "$(TARGET_NAME)";
				SWIFT_EMIT_LOC_STRINGS = NO;
				SWIFT_VERSION = 5.0;
				TARGETED_DEVICE_FAMILY = "1,2";
				TEST_HOST = "$(BUILT_PRODUCTS_DIR)/Assignment03.app/$(BUNDLE_EXECUTABLE_FOLDER_PATH)/Assignment03";
			};
			name = Debug;
		};
		DE79B6062B98942800517EC1 /* Release */ = {
			isa = XCBuildConfiguration;
			buildSettings = {
				ALWAYS_EMBED_SWIFT_STANDARD_LIBRARIES = YES;
				BUNDLE_LOADER = "$(TEST_HOST)";
				CODE_SIGN_STYLE = Automatic;
				CURRENT_PROJECT_VERSION = 1;
				GENERATE_INFOPLIST_FILE = YES;
				IPHONEOS_DEPLOYMENT_TARGET = 17.2;
				MARKETING_VERSION = 1.0;
				PRODUCT_BUNDLE_IDENTIFIER = HEE.Assignment03Tests;
				PRODUCT_NAME = "$(TARGET_NAME)";
				SWIFT_EMIT_LOC_STRINGS = NO;
				SWIFT_VERSION = 5.0;
				TARGETED_DEVICE_FAMILY = "1,2";
				TEST_HOST = "$(BUILT_PRODUCTS_DIR)/Assignment03.app/$(BUNDLE_EXECUTABLE_FOLDER_PATH)/Assignment03";
			};
			name = Release;
		};
		DE79B6082B98942800517EC1 /* Debug */ = {
			isa = XCBuildConfiguration;
			buildSettings = {
				ALWAYS_EMBED_SWIFT_STANDARD_LIBRARIES = YES;
				CODE_SIGN_STYLE = Automatic;
				CURRENT_PROJECT_VERSION = 1;
				GENERATE_INFOPLIST_FILE = YES;
				MARKETING_VERSION = 1.0;
				PRODUCT_BUNDLE_IDENTIFIER = HEE.Assignment03UITests;
				PRODUCT_NAME = "$(TARGET_NAME)";
				SWIFT_EMIT_LOC_STRINGS = NO;
				SWIFT_VERSION = 5.0;
				TARGETED_DEVICE_FAMILY = "1,2";
				TEST_TARGET_NAME = Assignment03;
			};
			name = Debug;
		};
		DE79B6092B98942800517EC1 /* Release */ = {
			isa = XCBuildConfiguration;
			buildSettings = {
				ALWAYS_EMBED_SWIFT_STANDARD_LIBRARIES = YES;
				CODE_SIGN_STYLE = Automatic;
				CURRENT_PROJECT_VERSION = 1;
				GENERATE_INFOPLIST_FILE = YES;
				MARKETING_VERSION = 1.0;
				PRODUCT_BUNDLE_IDENTIFIER = HEE.Assignment03UITests;
				PRODUCT_NAME = "$(TARGET_NAME)";
				SWIFT_EMIT_LOC_STRINGS = NO;
				SWIFT_VERSION = 5.0;
				TARGETED_DEVICE_FAMILY = "1,2";
				TEST_TARGET_NAME = Assignment03;
			};
			name = Release;
		};
/* End XCBuildConfiguration section */

/* Begin XCConfigurationList section */
		DE79B5D82B98942600517EC1 /* Build configuration list for PBXProject "Assignment03" */ = {
			isa = XCConfigurationList;
			buildConfigurations = (
				DE79B5FF2B98942800517EC1 /* Debug */,
				DE79B6002B98942800517EC1 /* Release */,
			);
			defaultConfigurationIsVisible = 0;
			defaultConfigurationName = Release;
		};
		DE79B6012B98942800517EC1 /* Build configuration list for PBXNativeTarget "Assignment03" */ = {
			isa = XCConfigurationList;
			buildConfigurations = (
				DE79B6022B98942800517EC1 /* Debug */,
				DE79B6032B98942800517EC1 /* Release */,
			);
			defaultConfigurationIsVisible = 0;
			defaultConfigurationName = Release;
		};
		DE79B6042B98942800517EC1 /* Build configuration list for PBXNativeTarget "Assignment03Tests" */ = {
			isa = XCConfigurationList;
			buildConfigurations = (
				DE79B6052B98942800517EC1 /* Debug */,
				DE79B6062B98942800517EC1 /* Release */,
			);
			defaultConfigurationIsVisible = 0;
			defaultConfigurationName = Release;
		};
		DE79B6072B98942800517EC1 /* Build configuration list for PBXNativeTarget "Assignment03UITests" */ = {
			isa = XCConfigurationList;
			buildConfigurations = (
				DE79B6082B98942800517EC1 /* Debug */,
				DE79B6092B98942800517EC1 /* Release */,
			);
			defaultConfigurationIsVisible = 0;
			defaultConfigurationName = Release;
		};
/* End XCConfigurationList section */
	};
	rootObject = DE79B5D52B98942600517EC1 /* Project object */;
}
