// !$*UTF8*$!
{
	archiveVersion = 1;
	classes = {
	};
	objectVersion = 56;
	objects = {

/* Begin PBXBuildFile section */
		DE2777582B87BC4D001DB056 /* Assignment01App.swift in Sources */ = {isa = PBXBuildFile; fileRef = DE2777572B87BC4D001DB056 /* Assignment01App.swift */; };
		DE27775A2B87BC4D001DB056 /* ContentView.swift in Sources */ = {isa = PBXBuildFile; fileRef = DE2777592B87BC4D001DB056 /* ContentView.swift */; };
		DE27775C2B87BC4E001DB056 /* Assets.xcassets in Resources */ = {isa = PBXBuildFile; fileRef = DE27775B2B87BC4E001DB056 /* Assets.xcassets */; };
		DE27775F2B87BC4E001DB056 /* Preview Assets.xcassets in Resources */ = {isa = PBXBuildFile; fileRef = DE27775E2B87BC4E001DB056 /* Preview Assets.xcassets */; };
		DE2777692B87BC4F001DB056 /* Assignment01Tests.swift in Sources */ = {isa = PBXBuildFile; fileRef = DE2777682B87BC4F001DB056 /* Assignment01Tests.swift */; };
		DE2777732B87BC4F001DB056 /* Assignment01UITests.swift in Sources */ = {isa = PBXBuildFile; fileRef = DE2777722B87BC4F001DB056 /* Assignment01UITests.swift */; };
		DE2777752B87BC4F001DB056 /* Assignment01UITestsLaunchTests.swift in Sources */ = {isa = PBXBuildFile; fileRef = DE2777742B87BC4F001DB056 /* Assignment01UITestsLaunchTests.swift */; };
/* End PBXBuildFile section */

/* Begin PBXContainerItemProxy section */
		DE2777652B87BC4F001DB056 /* PBXContainerItemProxy */ = {
			isa = PBXContainerItemProxy;
			containerPortal = DE27774C2B87BC4D001DB056 /* Project object */;
			proxyType = 1;
			remoteGlobalIDString = DE2777532B87BC4D001DB056;
			remoteInfo = Assignment01;
		};
		DE27776F2B87BC4F001DB056 /* PBXContainerItemProxy */ = {
			isa = PBXContainerItemProxy;
			containerPortal = DE27774C2B87BC4D001DB056 /* Project object */;
			proxyType = 1;
			remoteGlobalIDString = DE2777532B87BC4D001DB056;
			remoteInfo = Assignment01;
		};
/* End PBXContainerItemProxy section */

/* Begin PBXFileReference section */
		DE2777542B87BC4D001DB056 /* Assignment01.app */ = {isa = PBXFileReference; explicitFileType = wrapper.application; includeInIndex = 0; path = Assignment01.app; sourceTree = BUILT_PRODUCTS_DIR; };
		DE2777572B87BC4D001DB056 /* Assignment01App.swift */ = {isa = PBXFileReference; lastKnownFileType = sourcecode.swift; path = Assignment01App.swift; sourceTree = "<group>"; };
		DE2777592B87BC4D001DB056 /* ContentView.swift */ = {isa = PBXFileReference; lastKnownFileType = sourcecode.swift; path = ContentView.swift; sourceTree = "<group>"; };
		DE27775B2B87BC4E001DB056 /* Assets.xcassets */ = {isa = PBXFileReference; lastKnownFileType = folder.assetcatalog; path = Assets.xcassets; sourceTree = "<group>"; };
		DE27775E2B87BC4E001DB056 /* Preview Assets.xcassets */ = {isa = PBXFileReference; lastKnownFileType = folder.assetcatalog; path = "Preview Assets.xcassets"; sourceTree = "<group>"; };
		DE2777642B87BC4F001DB056 /* Assignment01Tests.xctest */ = {isa = PBXFileReference; explicitFileType = wrapper.cfbundle; includeInIndex = 0; path = Assignment01Tests.xctest; sourceTree = BUILT_PRODUCTS_DIR; };
		DE2777682B87BC4F001DB056 /* Assignment01Tests.swift */ = {isa = PBXFileReference; lastKnownFileType = sourcecode.swift; path = Assignment01Tests.swift; sourceTree = "<group>"; };
		DE27776E2B87BC4F001DB056 /* Assignment01UITests.xctest */ = {isa = PBXFileReference; explicitFileType = wrapper.cfbundle; includeInIndex = 0; path = Assignment01UITests.xctest; sourceTree = BUILT_PRODUCTS_DIR; };
		DE2777722B87BC4F001DB056 /* Assignment01UITests.swift */ = {isa = PBXFileReference; lastKnownFileType = sourcecode.swift; path = Assignment01UITests.swift; sourceTree = "<group>"; };
		DE2777742B87BC4F001DB056 /* Assignment01UITestsLaunchTests.swift */ = {isa = PBXFileReference; lastKnownFileType = sourcecode.swift; path = Assignment01UITestsLaunchTests.swift; sourceTree = "<group>"; };
/* End PBXFileReference section */

/* Begin PBXFrameworksBuildPhase section */
		DE2777512B87BC4D001DB056 /* Frameworks */ = {
			isa = PBXFrameworksBuildPhase;
			buildActionMask = 2147483647;
			files = (
			);
			runOnlyForDeploymentPostprocessing = 0;
		};
		DE2777612B87BC4F001DB056 /* Frameworks */ = {
			isa = PBXFrameworksBuildPhase;
			buildActionMask = 2147483647;
			files = (
			);
			runOnlyForDeploymentPostprocessing = 0;
		};
		DE27776B2B87BC4F001DB056 /* Frameworks */ = {
			isa = PBXFrameworksBuildPhase;
			buildActionMask = 2147483647;
			files = (
			);
			runOnlyForDeploymentPostprocessing = 0;
		};
/* End PBXFrameworksBuildPhase section */

/* Begin PBXGroup section */
		DE27774B2B87BC4D001DB056 = {
			isa = PBXGroup;
			children = (
				DE2777562B87BC4D001DB056 /* Assignment01 */,
				DE2777672B87BC4F001DB056 /* Assignment01Tests */,
				DE2777712B87BC4F001DB056 /* Assignment01UITests */,
				DE2777552B87BC4D001DB056 /* Products */,
			);
			sourceTree = "<group>";
		};
		DE2777552B87BC4D001DB056 /* Products */ = {
			isa = PBXGroup;
			children = (
				DE2777542B87BC4D001DB056 /* Assignment01.app */,
				DE2777642B87BC4F001DB056 /* Assignment01Tests.xctest */,
				DE27776E2B87BC4F001DB056 /* Assignment01UITests.xctest */,
			);
			name = Products;
			sourceTree = "<group>";
		};
		DE2777562B87BC4D001DB056 /* Assignment01 */ = {
			isa = PBXGroup;
			children = (
				DE2777572B87BC4D001DB056 /* Assignment01App.swift */,
				DE2777592B87BC4D001DB056 /* ContentView.swift */,
				DE27775B2B87BC4E001DB056 /* Assets.xcassets */,
				DE27775D2B87BC4E001DB056 /* Preview Content */,
			);
			path = Assignment01;
			sourceTree = "<group>";
		};
		DE27775D2B87BC4E001DB056 /* Preview Content */ = {
			isa = PBXGroup;
			children = (
				DE27775E2B87BC4E001DB056 /* Preview Assets.xcassets */,
			);
			path = "Preview Content";
			sourceTree = "<group>";
		};
		DE2777672B87BC4F001DB056 /* Assignment01Tests */ = {
			isa = PBXGroup;
			children = (
				DE2777682B87BC4F001DB056 /* Assignment01Tests.swift */,
			);
			path = Assignment01Tests;
			sourceTree = "<group>";
		};
		DE2777712B87BC4F001DB056 /* Assignment01UITests */ = {
			isa = PBXGroup;
			children = (
				DE2777722B87BC4F001DB056 /* Assignment01UITests.swift */,
				DE2777742B87BC4F001DB056 /* Assignment01UITestsLaunchTests.swift */,
			);
			path = Assignment01UITests;
			sourceTree = "<group>";
		};
/* End PBXGroup section */

/* Begin PBXNativeTarget section */
		DE2777532B87BC4D001DB056 /* Assignment01 */ = {
			isa = PBXNativeTarget;
			buildConfigurationList = DE2777782B87BC4F001DB056 /* Build configuration list for PBXNativeTarget "Assignment01" */;
			buildPhases = (
				DE2777502B87BC4D001DB056 /* Sources */,
				DE2777512B87BC4D001DB056 /* Frameworks */,
				DE2777522B87BC4D001DB056 /* Resources */,
			);
			buildRules = (
			);
			dependencies = (
			);
			name = Assignment01;
			productName = Assignment01;
			productReference = DE2777542B87BC4D001DB056 /* Assignment01.app */;
			productType = "com.apple.product-type.application";
		};
		DE2777632B87BC4F001DB056 /* Assignment01Tests */ = {
			isa = PBXNativeTarget;
			buildConfigurationList = DE27777B2B87BC4F001DB056 /* Build configuration list for PBXNativeTarget "Assignment01Tests" */;
			buildPhases = (
				DE2777602B87BC4F001DB056 /* Sources */,
				DE2777612B87BC4F001DB056 /* Frameworks */,
				DE2777622B87BC4F001DB056 /* Resources */,
			);
			buildRules = (
			);
			dependencies = (
				DE2777662B87BC4F001DB056 /* PBXTargetDependency */,
			);
			name = Assignment01Tests;
			productName = Assignment01Tests;
			productReference = DE2777642B87BC4F001DB056 /* Assignment01Tests.xctest */;
			productType = "com.apple.product-type.bundle.unit-test";
		};
		DE27776D2B87BC4F001DB056 /* Assignment01UITests */ = {
			isa = PBXNativeTarget;
			buildConfigurationList = DE27777E2B87BC4F001DB056 /* Build configuration list for PBXNativeTarget "Assignment01UITests" */;
			buildPhases = (
				DE27776A2B87BC4F001DB056 /* Sources */,
				DE27776B2B87BC4F001DB056 /* Frameworks */,
				DE27776C2B87BC4F001DB056 /* Resources */,
			);
			buildRules = (
			);
			dependencies = (
				DE2777702B87BC4F001DB056 /* PBXTargetDependency */,
			);
			name = Assignment01UITests;
			productName = Assignment01UITests;
			productReference = DE27776E2B87BC4F001DB056 /* Assignment01UITests.xctest */;
			productType = "com.apple.product-type.bundle.ui-testing";
		};
/* End PBXNativeTarget section */

/* Begin PBXProject section */
		DE27774C2B87BC4D001DB056 /* Project object */ = {
			isa = PBXProject;
			attributes = {
				BuildIndependentTargetsInParallel = 1;
				LastSwiftUpdateCheck = 1520;
				LastUpgradeCheck = 1520;
				TargetAttributes = {
					DE2777532B87BC4D001DB056 = {
						CreatedOnToolsVersion = 15.2;
					};
					DE2777632B87BC4F001DB056 = {
						CreatedOnToolsVersion = 15.2;
						TestTargetID = DE2777532B87BC4D001DB056;
					};
					DE27776D2B87BC4F001DB056 = {
						CreatedOnToolsVersion = 15.2;
						TestTargetID = DE2777532B87BC4D001DB056;
					};
				};
			};
			buildConfigurationList = DE27774F2B87BC4D001DB056 /* Build configuration list for PBXProject "Assignment01" */;
			compatibilityVersion = "Xcode 14.0";
			developmentRegion = en;
			hasScannedForEncodings = 0;
			knownRegions = (
				en,
				Base,
			);
			mainGroup = DE27774B2B87BC4D001DB056;
			productRefGroup = DE2777552B87BC4D001DB056 /* Products */;
			projectDirPath = "";
			projectRoot = "";
			targets = (
				DE2777532B87BC4D001DB056 /* Assignment01 */,
				DE2777632B87BC4F001DB056 /* Assignment01Tests */,
				DE27776D2B87BC4F001DB056 /* Assignment01UITests */,
			);
		};
/* End PBXProject section */

/* Begin PBXResourcesBuildPhase section */
		DE2777522B87BC4D001DB056 /* Resources */ = {
			isa = PBXResourcesBuildPhase;
			buildActionMask = 2147483647;
			files = (
				DE27775F2B87BC4E001DB056 /* Preview Assets.xcassets in Resources */,
				DE27775C2B87BC4E001DB056 /* Assets.xcassets in Resources */,
			);
			runOnlyForDeploymentPostprocessing = 0;
		};
		DE2777622B87BC4F001DB056 /* Resources */ = {
			isa = PBXResourcesBuildPhase;
			buildActionMask = 2147483647;
			files = (
			);
			runOnlyForDeploymentPostprocessing = 0;
		};
		DE27776C2B87BC4F001DB056 /* Resources */ = {
			isa = PBXResourcesBuildPhase;
			buildActionMask = 2147483647;
			files = (
			);
			runOnlyForDeploymentPostprocessing = 0;
		};
/* End PBXResourcesBuildPhase section */

/* Begin PBXSourcesBuildPhase section */
		DE2777502B87BC4D001DB056 /* Sources */ = {
			isa = PBXSourcesBuildPhase;
			buildActionMask = 2147483647;
			files = (
				DE27775A2B87BC4D001DB056 /* ContentView.swift in Sources */,
				DE2777582B87BC4D001DB056 /* Assignment01App.swift in Sources */,
			);
			runOnlyForDeploymentPostprocessing = 0;
		};
		DE2777602B87BC4F001DB056 /* Sources */ = {
			isa = PBXSourcesBuildPhase;
			buildActionMask = 2147483647;
			files = (
				DE2777692B87BC4F001DB056 /* Assignment01Tests.swift in Sources */,
			);
			runOnlyForDeploymentPostprocessing = 0;
		};
		DE27776A2B87BC4F001DB056 /* Sources */ = {
			isa = PBXSourcesBuildPhase;
			buildActionMask = 2147483647;
			files = (
				DE2777752B87BC4F001DB056 /* Assignment01UITestsLaunchTests.swift in Sources */,
				DE2777732B87BC4F001DB056 /* Assignment01UITests.swift in Sources */,
			);
			runOnlyForDeploymentPostprocessing = 0;
		};
/* End PBXSourcesBuildPhase section */

/* Begin PBXTargetDependency section */
		DE2777662B87BC4F001DB056 /* PBXTargetDependency */ = {
			isa = PBXTargetDependency;
			target = DE2777532B87BC4D001DB056 /* Assignment01 */;
			targetProxy = DE2777652B87BC4F001DB056 /* PBXContainerItemProxy */;
		};
		DE2777702B87BC4F001DB056 /* PBXTargetDependency */ = {
			isa = PBXTargetDependency;
			target = DE2777532B87BC4D001DB056 /* Assignment01 */;
			targetProxy = DE27776F2B87BC4F001DB056 /* PBXContainerItemProxy */;
		};
/* End PBXTargetDependency section */

/* Begin XCBuildConfiguration section */
		DE2777762B87BC4F001DB056 /* Debug */ = {
			isa = XCBuildConfiguration;
			buildSettings = {
				ALWAYS_SEARCH_USER_PATHS = NO;
				ASSETCATALOG_COMPILER_GENERATE_SWIFT_ASSET_SYMBOL_EXTENSIONS = YES;
				CLANG_ANALYZER_NONNULL = YES;
				CLANG_ANALYZER_NUMBER_OBJECT_CONVERSION = YES_AGGRESSIVE;
				CLANG_CXX_LANGUAGE_STANDARD = "gnu++20";
				CLANG_ENABLE_MODULES = YES;
				CLANG_ENABLE_OBJC_ARC = YES;
				CLANG_ENABLE_OBJC_WEAK = YES;
				CLANG_WARN_BLOCK_CAPTURE_AUTORELEASING = YES;
				CLANG_WARN_BOOL_CONVERSION = YES;
				CLANG_WARN_COMMA = YES;
				CLANG_WARN_CONSTANT_CONVERSION = YES;
				CLANG_WARN_DEPRECATED_OBJC_IMPLEMENTATIONS = YES;
				CLANG_WARN_DIRECT_OBJC_ISA_USAGE = YES_ERROR;
				CLANG_WARN_DOCUMENTATION_COMMENTS = YES;
				CLANG_WARN_EMPTY_BODY = YES;
				CLANG_WARN_ENUM_CONVERSION = YES;
				CLANG_WARN_INFINITE_RECURSION = YES;
				CLANG_WARN_INT_CONVERSION = YES;
				CLANG_WARN_NON_LITERAL_NULL_CONVERSION = YES;
				CLANG_WARN_OBJC_IMPLICIT_RETAIN_SELF = YES;
				CLANG_WARN_OBJC_LITERAL_CONVERSION = YES;
				CLANG_WARN_OBJC_ROOT_CLASS = YES_ERROR;
				CLANG_WARN_QUOTED_INCLUDE_IN_FRAMEWORK_HEADER = YES;
				CLANG_WARN_RANGE_LOOP_ANALYSIS = YES;
				CLANG_WARN_STRICT_PROTOTYPES = YES;
				CLANG_WARN_SUSPICIOUS_MOVE = YES;
				CLANG_WARN_UNGUARDED_AVAILABILITY = YES_AGGRESSIVE;
				CLANG_WARN_UNREACHABLE_CODE = YES;
				CLANG_WARN__DUPLICATE_METHOD_MATCH = YES;
				COPY_PHASE_STRIP = NO;
				DEBUG_INFORMATION_FORMAT = dwarf;
				ENABLE_STRICT_OBJC_MSGSEND = YES;
				ENABLE_TESTABILITY = YES;
				ENABLE_USER_SCRIPT_SANDBOXING = YES;
				GCC_C_LANGUAGE_STANDARD = gnu17;
				GCC_DYNAMIC_NO_PIC = NO;
				GCC_NO_COMMON_BLOCKS = YES;
				GCC_OPTIMIZATION_LEVEL = 0;
				GCC_PREPROCESSOR_DEFINITIONS = (
					"DEBUG=1",
					"$(inherited)",
				);
				GCC_WARN_64_TO_32_BIT_CONVERSION = YES;
				GCC_WARN_ABOUT_RETURN_TYPE = YES_ERROR;
				GCC_WARN_UNDECLARED_SELECTOR = YES;
				GCC_WARN_UNINITIALIZED_AUTOS = YES_AGGRESSIVE;
				GCC_WARN_UNUSED_FUNCTION = YES;
				GCC_WARN_UNUSED_VARIABLE = YES;
				IPHONEOS_DEPLOYMENT_TARGET = 17.2;
				LOCALIZATION_PREFERS_STRING_CATALOGS = YES;
				MTL_ENABLE_DEBUG_INFO = INCLUDE_SOURCE;
				MTL_FAST_MATH = YES;
				ONLY_ACTIVE_ARCH = YES;
				SDKROOT = iphoneos;
				SWIFT_ACTIVE_COMPILATION_CONDITIONS = "DEBUG $(inherited)";
				SWIFT_OPTIMIZATION_LEVEL = "-Onone";
			};
			name = Debug;
		};
		DE2777772B87BC4F001DB056 /* Release */ = {
			isa = XCBuildConfiguration;
			buildSettings = {
				ALWAYS_SEARCH_USER_PATHS = NO;
				ASSETCATALOG_COMPILER_GENERATE_SWIFT_ASSET_SYMBOL_EXTENSIONS = YES;
				CLANG_ANALYZER_NONNULL = YES;
				CLANG_ANALYZER_NUMBER_OBJECT_CONVERSION = YES_AGGRESSIVE;
				CLANG_CXX_LANGUAGE_STANDARD = "gnu++20";
				CLANG_ENABLE_MODULES = YES;
				CLANG_ENABLE_OBJC_ARC = YES;
				CLANG_ENABLE_OBJC_WEAK = YES;
				CLANG_WARN_BLOCK_CAPTURE_AUTORELEASING = YES;
				CLANG_WARN_BOOL_CONVERSION = YES;
				CLANG_WARN_COMMA = YES;
				CLANG_WARN_CONSTANT_CONVERSION = YES;
				CLANG_WARN_DEPRECATED_OBJC_IMPLEMENTATIONS = YES;
				CLANG_WARN_DIRECT_OBJC_ISA_USAGE = YES_ERROR;
				CLANG_WARN_DOCUMENTATION_COMMENTS = YES;
				CLANG_WARN_EMPTY_BODY = YES;
				CLANG_WARN_ENUM_CONVERSION = YES;
				CLANG_WARN_INFINITE_RECURSION = YES;
				CLANG_WARN_INT_CONVERSION = YES;
				CLANG_WARN_NON_LITERAL_NULL_CONVERSION = YES;
				CLANG_WARN_OBJC_IMPLICIT_RETAIN_SELF = YES;
				CLANG_WARN_OBJC_LITERAL_CONVERSION = YES;
				CLANG_WARN_OBJC_ROOT_CLASS = YES_ERROR;
				CLANG_WARN_QUOTED_INCLUDE_IN_FRAMEWORK_HEADER = YES;
				CLANG_WARN_RANGE_LOOP_ANALYSIS = YES;
				CLANG_WARN_STRICT_PROTOTYPES = YES;
				CLANG_WARN_SUSPICIOUS_MOVE = YES;
				CLANG_WARN_UNGUARDED_AVAILABILITY = YES_AGGRESSIVE;
				CLANG_WARN_UNREACHABLE_CODE = YES;
				CLANG_WARN__DUPLICATE_METHOD_MATCH = YES;
				COPY_PHASE_STRIP = NO;
				DEBUG_INFORMATION_FORMAT = "dwarf-with-dsym";
				ENABLE_NS_ASSERTIONS = NO;
				ENABLE_STRICT_OBJC_MSGSEND = YES;
				ENABLE_USER_SCRIPT_SANDBOXING = YES;
				GCC_C_LANGUAGE_STANDARD = gnu17;
				GCC_NO_COMMON_BLOCKS = YES;
				GCC_WARN_64_TO_32_BIT_CONVERSION = YES;
				GCC_WARN_ABOUT_RETURN_TYPE = YES_ERROR;
				GCC_WARN_UNDECLARED_SELECTOR = YES;
				GCC_WARN_UNINITIALIZED_AUTOS = YES_AGGRESSIVE;
				GCC_WARN_UNUSED_FUNCTION = YES;
				GCC_WARN_UNUSED_VARIABLE = YES;
				IPHONEOS_DEPLOYMENT_TARGET = 17.2;
				LOCALIZATION_PREFERS_STRING_CATALOGS = YES;
				MTL_ENABLE_DEBUG_INFO = NO;
				MTL_FAST_MATH = YES;
				SDKROOT = iphoneos;
				SWIFT_COMPILATION_MODE = wholemodule;
				VALIDATE_PRODUCT = YES;
			};
			name = Release;
		};
		DE2777792B87BC4F001DB056 /* Debug */ = {
			isa = XCBuildConfiguration;
			buildSettings = {
				ASSETCATALOG_COMPILER_APPICON_NAME = AppIcon;
				ASSETCATALOG_COMPILER_GLOBAL_ACCENT_COLOR_NAME = AccentColor;
				CODE_SIGN_STYLE = Automatic;
				CURRENT_PROJECT_VERSION = 1;
				DEVELOPMENT_ASSET_PATHS = "\"Assignment01/Preview Content\"";
				ENABLE_PREVIEWS = YES;
				GENERATE_INFOPLIST_FILE = YES;
				INFOPLIST_KEY_UIApplicationSceneManifest_Generation = YES;
				INFOPLIST_KEY_UIApplicationSupportsIndirectInputEvents = YES;
				INFOPLIST_KEY_UILaunchScreen_Generation = YES;
				INFOPLIST_KEY_UISupportedInterfaceOrientations_iPad = "UIInterfaceOrientationPortrait UIInterfaceOrientationPortraitUpsideDown UIInterfaceOrientationLandscapeLeft UIInterfaceOrientationLandscapeRight";
				INFOPLIST_KEY_UISupportedInterfaceOrientations_iPhone = "UIInterfaceOrientationPortrait UIInterfaceOrientationLandscapeLeft UIInterfaceOrientationLandscapeRight";
				LD_RUNPATH_SEARCH_PATHS = (
					"$(inherited)",
					"@executable_path/Frameworks",
				);
				MARKETING_VERSION = 1.0;
				PRODUCT_BUNDLE_IDENTIFIER = HEE.Assignment01;
				PRODUCT_NAME = "$(TARGET_NAME)";
				SWIFT_EMIT_LOC_STRINGS = YES;
				SWIFT_VERSION = 5.0;
				TARGETED_DEVICE_FAMILY = "1,2";
			};
			name = Debug;
		};
		DE27777A2B87BC4F001DB056 /* Release */ = {
			isa = XCBuildConfiguration;
			buildSettings = {
				ASSETCATALOG_COMPILER_APPICON_NAME = AppIcon;
				ASSETCATALOG_COMPILER_GLOBAL_ACCENT_COLOR_NAME = AccentColor;
				CODE_SIGN_STYLE = Automatic;
				CURRENT_PROJECT_VERSION = 1;
				DEVELOPMENT_ASSET_PATHS = "\"Assignment01/Preview Content\"";
				ENABLE_PREVIEWS = YES;
				GENERATE_INFOPLIST_FILE = YES;
				INFOPLIST_KEY_UIApplicationSceneManifest_Generation = YES;
				INFOPLIST_KEY_UIApplicationSupportsIndirectInputEvents = YES;
				INFOPLIST_KEY_UILaunchScreen_Generation = YES;
				INFOPLIST_KEY_UISupportedInterfaceOrientations_iPad = "UIInterfaceOrientationPortrait UIInterfaceOrientationPortraitUpsideDown UIInterfaceOrientationLandscapeLeft UIInterfaceOrientationLandscapeRight";
				INFOPLIST_KEY_UISupportedInterfaceOrientations_iPhone = "UIInterfaceOrientationPortrait UIInterfaceOrientationLandscapeLeft UIInterfaceOrientationLandscapeRight";
				LD_RUNPATH_SEARCH_PATHS = (
					"$(inherited)",
					"@executable_path/Frameworks",
				);
				MARKETING_VERSION = 1.0;
				PRODUCT_BUNDLE_IDENTIFIER = HEE.Assignment01;
				PRODUCT_NAME = "$(TARGET_NAME)";
				SWIFT_EMIT_LOC_STRINGS = YES;
				SWIFT_VERSION = 5.0;
				TARGETED_DEVICE_FAMILY = "1,2";
			};
			name = Release;
		};
		DE27777C2B87BC4F001DB056 /* Debug */ = {
			isa = XCBuildConfiguration;
			buildSettings = {
				ALWAYS_EMBED_SWIFT_STANDARD_LIBRARIES = YES;
				BUNDLE_LOADER = "$(TEST_HOST)";
				CODE_SIGN_STYLE = Automatic;
				CURRENT_PROJECT_VERSION = 1;
				GENERATE_INFOPLIST_FILE = YES;
				IPHONEOS_DEPLOYMENT_TARGET = 17.2;
				MARKETING_VERSION = 1.0;
				PRODUCT_BUNDLE_IDENTIFIER = HEE.Assignment01Tests;
				PRODUCT_NAME = "$(TARGET_NAME)";
				SWIFT_EMIT_LOC_STRINGS = NO;
				SWIFT_VERSION = 5.0;
				TARGETED_DEVICE_FAMILY = "1,2";
				TEST_HOST = "$(BUILT_PRODUCTS_DIR)/Assignment01.app/$(BUNDLE_EXECUTABLE_FOLDER_PATH)/Assignment01";
			};
			name = Debug;
		};
		DE27777D2B87BC4F001DB056 /* Release */ = {
			isa = XCBuildConfiguration;
			buildSettings = {
				ALWAYS_EMBED_SWIFT_STANDARD_LIBRARIES = YES;
				BUNDLE_LOADER = "$(TEST_HOST)";
				CODE_SIGN_STYLE = Automatic;
				CURRENT_PROJECT_VERSION = 1;
				GENERATE_INFOPLIST_FILE = YES;
				IPHONEOS_DEPLOYMENT_TARGET = 17.2;
				MARKETING_VERSION = 1.0;
				PRODUCT_BUNDLE_IDENTIFIER = HEE.Assignment01Tests;
				PRODUCT_NAME = "$(TARGET_NAME)";
				SWIFT_EMIT_LOC_STRINGS = NO;
				SWIFT_VERSION = 5.0;
				TARGETED_DEVICE_FAMILY = "1,2";
				TEST_HOST = "$(BUILT_PRODUCTS_DIR)/Assignment01.app/$(BUNDLE_EXECUTABLE_FOLDER_PATH)/Assignment01";
			};
			name = Release;
		};
		DE27777F2B87BC4F001DB056 /* Debug */ = {
			isa = XCBuildConfiguration;
			buildSettings = {
				ALWAYS_EMBED_SWIFT_STANDARD_LIBRARIES = YES;
				CODE_SIGN_STYLE = Automatic;
				CURRENT_PROJECT_VERSION = 1;
				GENERATE_INFOPLIST_FILE = YES;
				MARKETING_VERSION = 1.0;
				PRODUCT_BUNDLE_IDENTIFIER = HEE.Assignment01UITests;
				PRODUCT_NAME = "$(TARGET_NAME)";
				SWIFT_EMIT_LOC_STRINGS = NO;
				SWIFT_VERSION = 5.0;
				TARGETED_DEVICE_FAMILY = "1,2";
				TEST_TARGET_NAME = Assignment01;
			};
			name = Debug;
		};
		DE2777802B87BC4F001DB056 /* Release */ = {
			isa = XCBuildConfiguration;
			buildSettings = {
				ALWAYS_EMBED_SWIFT_STANDARD_LIBRARIES = YES;
				CODE_SIGN_STYLE = Automatic;
				CURRENT_PROJECT_VERSION = 1;
				GENERATE_INFOPLIST_FILE = YES;
				MARKETING_VERSION = 1.0;
				PRODUCT_BUNDLE_IDENTIFIER = HEE.Assignment01UITests;
				PRODUCT_NAME = "$(TARGET_NAME)";
				SWIFT_EMIT_LOC_STRINGS = NO;
				SWIFT_VERSION = 5.0;
				TARGETED_DEVICE_FAMILY = "1,2";
				TEST_TARGET_NAME = Assignment01;
			};
			name = Release;
		};
/* End XCBuildConfiguration section */

/* Begin XCConfigurationList section */
		DE27774F2B87BC4D001DB056 /* Build configuration list for PBXProject "Assignment01" */ = {
			isa = XCConfigurationList;
			buildConfigurations = (
				DE2777762B87BC4F001DB056 /* Debug */,
				DE2777772B87BC4F001DB056 /* Release */,
			);
			defaultConfigurationIsVisible = 0;
			defaultConfigurationName = Release;
		};
		DE2777782B87BC4F001DB056 /* Build configuration list for PBXNativeTarget "Assignment01" */ = {
			isa = XCConfigurationList;
			buildConfigurations = (
				DE2777792B87BC4F001DB056 /* Debug */,
				DE27777A2B87BC4F001DB056 /* Release */,
			);
			defaultConfigurationIsVisible = 0;
			defaultConfigurationName = Release;
		};
		DE27777B2B87BC4F001DB056 /* Build configuration list for PBXNativeTarget "Assignment01Tests" */ = {
			isa = XCConfigurationList;
			buildConfigurations = (
				DE27777C2B87BC4F001DB056 /* Debug */,
				DE27777D2B87BC4F001DB056 /* Release */,
			);
			defaultConfigurationIsVisible = 0;
			defaultConfigurationName = Release;
		};
		DE27777E2B87BC4F001DB056 /* Build configuration list for PBXNativeTarget "Assignment01UITests" */ = {
			isa = XCConfigurationList;
			buildConfigurations = (
				DE27777F2B87BC4F001DB056 /* Debug */,
				DE2777802B87BC4F001DB056 /* Release */,
			);
			defaultConfigurationIsVisible = 0;
			defaultConfigurationName = Release;
		};
/* End XCConfigurationList section */
	};
	rootObject = DE27774C2B87BC4D001DB056 /* Project object */;
}
